Microsoft Visual Studio Solution File, Format Version 12.00
# Visual Studio Version 17
VisualStudioVersion = 17.5.2.0
MinimumVisualStudioVersion = 10.0.40219.1
Project("{FAE04EC0-301F-11D3-BF4B-00C04F79EFBC}") = "BackendService", "BackendService.csproj", "{88A074FD-59A9-010D-9894-1CE51962C87A}"
EndProject
Global
	GlobalSection(SolutionConfigurationPlatforms) = preSolution
		Debug|Any CPU = Debug|Any CPU
		Release|Any CPU = Release|Any CPU
	EndGlobalSection
	GlobalSection(ProjectConfigurationPlatforms) = postSolution
		{88A074FD-59A9-010D-9894-1CE51962C87A}.Debug|Any CPU.ActiveCfg = Debug|Any CPU
		{88A074FD-59A9-010D-9894-1CE51962C87A}.Debug|Any CPU.Build.0 = Debug|Any CPU
		{88A074FD-59A9-010D-9894-1CE51962C87A}.Release|Any CPU.ActiveCfg = Release|Any CPU
		{88A074FD-59A9-010D-9894-1CE51962C87A}.Release|Any CPU.Build.0 = Release|Any CPU
	EndGlobalSection
	GlobalSection(SolutionProperties) = preSolution
		HideSolutionNode = FALSE
	EndGlobalSection
	GlobalSection(ExtensibilityGlobals) = postSolution
		SolutionGuid = {49B46E16-EE06-46C7-8206-C7F88C4FE20B}
	EndGlobalSection
EndGlobal
